
Microsoft Visual Studio Solution File, Format Version 12.00
# Visual Studio 15
VisualStudioVersion = 15.0.26430.15
MinimumVisualStudioVersion = 10.0.40219.1
Project("{FAE04EC0-301F-11D3-BF4B-00C04F79EFBC}") = "HelloService", "HelloService\HelloService.csproj", "{D08BC3CA-7968-413C-B325-9C840DDC27D2}"
EndProject
Project("{FAE04EC0-301F-11D3-BF4B-00C04F79EFBC}") = "HelloConsole", "HelloConsole\HelloConsole.csproj", "{48AE83FA-5991-41F4-A131-EA4116EFE7C7}"
EndProject
Project("{FAE04EC0-301F-11D3-BF4B-00C04F79EFBC}") = "HelloMock", "HelloMock\HelloMock.csproj", "{373CE61B-84A5-4BBD-9A3A-535E08755BE8}"
EndProject
Global
	GlobalSection(SolutionConfigurationPlatforms) = preSolution
		Debug|Any CPU = Debug|Any CPU
		Release|Any CPU = Release|Any CPU
	EndGlobalSection
	GlobalSection(ProjectConfigurationPlatforms) = postSolution
		{D08BC3CA-7968-413C-B325-9C840DDC27D2}.Debug|Any CPU.ActiveCfg = Debug|Any CPU
		{D08BC3CA-7968-413C-B325-9C840DDC27D2}.Debug|Any CPU.Build.0 = Debug|Any CPU
		{D08BC3CA-7968-413C-B325-9C840DDC27D2}.Release|Any CPU.ActiveCfg = Release|Any CPU
		{D08BC3CA-7968-413C-B325-9C840DDC27D2}.Release|Any CPU.Build.0 = Release|Any CPU
		{48AE83FA-5991-41F4-A131-EA4116EFE7C7}.Debug|Any CPU.ActiveCfg = Debug|Any CPU
		{48AE83FA-5991-41F4-A131-EA4116EFE7C7}.Debug|Any CPU.Build.0 = Debug|Any CPU
		{48AE83FA-5991-41F4-A131-EA4116EFE7C7}.Release|Any CPU.ActiveCfg = Release|Any CPU
		{48AE83FA-5991-41F4-A131-EA4116EFE7C7}.Release|Any CPU.Build.0 = Release|Any CPU
		{373CE61B-84A5-4BBD-9A3A-535E08755BE8}.Debug|Any CPU.ActiveCfg = Debug|Any CPU
		{373CE61B-84A5-4BBD-9A3A-535E08755BE8}.Debug|Any CPU.Build.0 = Debug|Any CPU
		{373CE61B-84A5-4BBD-9A3A-535E08755BE8}.Release|Any CPU.ActiveCfg = Release|Any CPU
		{373CE61B-84A5-4BBD-9A3A-535E08755BE8}.Release|Any CPU.Build.0 = Release|Any CPU
	EndGlobalSection
	GlobalSection(SolutionProperties) = preSolution
		HideSolutionNode = FALSE
	EndGlobalSection
EndGlobal
