
Microsoft Visual Studio Solution File, Format Version 12.00
# Visual Studio 15
VisualStudioVersion = 15.0.26430.15
MinimumVisualStudioVersion = 10.0.40219.1
Project("{9A19103F-16F7-4668-BE54-9A1E7A4F7556}") = "HelloService", "HelloService\HelloService.csproj", "{D08BC3CA-7968-413C-B325-9C840DDC27D2}"
EndProject
Project("{9A19103F-16F7-4668-BE54-9A1E7A4F7556}") = "HelloConsole", "HelloConsole\HelloConsole.csproj", "{48AE83FA-5991-41F4-A131-EA4116EFE7C7}"
EndProject
Project("{FAE04EC0-301F-11D3-BF4B-00C04F79EFBC}") = "HelloMock", "HelloMock\HelloMock.csproj", "{373CE61B-84A5-4BBD-9A3A-535E08755BE8}"
EndProject
Project("{FAE04EC0-301F-11D3-BF4B-00C04F79EFBC}") = "HelloXamarin.Android", "HelloXamarin\HelloXamarin.Android\HelloXamarin.Android.csproj", "{D90DE8F9-1B98-406E-9AA3-804F96C4DFD9}"
EndProject
Project("{FAE04EC0-301F-11D3-BF4B-00C04F79EFBC}") = "HelloXamarin.UWP", "HelloXamarin\HelloXamarin.UWP\HelloXamarin.UWP.csproj", "{30C35206-53EB-43F3-89BA-5C7F94255D0E}"
EndProject
Project("{FAE04EC0-301F-11D3-BF4B-00C04F79EFBC}") = "HelloXamarin.iOS", "HelloXamarin\HelloXamarin.iOS\HelloXamarin.iOS.csproj", "{44424A27-2927-444E-8D05-0038B3B53D1C}"
EndProject
Project("{FAE04EC0-301F-11D3-BF4B-00C04F79EFBC}") = "HelloXamarin", "HelloXamarin\HelloXamarin\HelloXamarin.csproj", "{C6F53437-7E75-4C77-9B26-B44856F1E782}"
EndProject
Global
	GlobalSection(SolutionConfigurationPlatforms) = preSolution
		Ad-Hoc|Any CPU = Ad-Hoc|Any CPU
		Ad-Hoc|ARM = Ad-Hoc|ARM
		Ad-Hoc|iPhone = Ad-Hoc|iPhone
		Ad-Hoc|iPhoneSimulator = Ad-Hoc|iPhoneSimulator
		Ad-Hoc|x64 = Ad-Hoc|x64
		Ad-Hoc|x86 = Ad-Hoc|x86
		AppStore|Any CPU = AppStore|Any CPU
		AppStore|ARM = AppStore|ARM
		AppStore|iPhone = AppStore|iPhone
		AppStore|iPhoneSimulator = AppStore|iPhoneSimulator
		AppStore|x64 = AppStore|x64
		AppStore|x86 = AppStore|x86
		Debug|Any CPU = Debug|Any CPU
		Debug|ARM = Debug|ARM
		Debug|iPhone = Debug|iPhone
		Debug|iPhoneSimulator = Debug|iPhoneSimulator
		Debug|x64 = Debug|x64
		Debug|x86 = Debug|x86
		Release|Any CPU = Release|Any CPU
		Release|ARM = Release|ARM
		Release|iPhone = Release|iPhone
		Release|iPhoneSimulator = Release|iPhoneSimulator
		Release|x64 = Release|x64
		Release|x86 = Release|x86
	EndGlobalSection
	GlobalSection(ProjectConfigurationPlatforms) = postSolution
		{D08BC3CA-7968-413C-B325-9C840DDC27D2}.Ad-Hoc|Any CPU.ActiveCfg = Release|Any CPU
		{D08BC3CA-7968-413C-B325-9C840DDC27D2}.Ad-Hoc|Any CPU.Build.0 = Release|Any CPU
		{D08BC3CA-7968-413C-B325-9C840DDC27D2}.Ad-Hoc|ARM.ActiveCfg = Release|Any CPU
		{D08BC3CA-7968-413C-B325-9C840DDC27D2}.Ad-Hoc|ARM.Build.0 = Release|Any CPU
		{D08BC3CA-7968-413C-B325-9C840DDC27D2}.Ad-Hoc|iPhone.ActiveCfg = Release|Any CPU
		{D08BC3CA-7968-413C-B325-9C840DDC27D2}.Ad-Hoc|iPhone.Build.0 = Release|Any CPU
		{D08BC3CA-7968-413C-B325-9C840DDC27D2}.Ad-Hoc|iPhoneSimulator.ActiveCfg = Release|Any CPU
		{D08BC3CA-7968-413C-B325-9C840DDC27D2}.Ad-Hoc|iPhoneSimulator.Build.0 = Release|Any CPU
		{D08BC3CA-7968-413C-B325-9C840DDC27D2}.Ad-Hoc|x64.ActiveCfg = Release|Any CPU
		{D08BC3CA-7968-413C-B325-9C840DDC27D2}.Ad-Hoc|x64.Build.0 = Release|Any CPU
		{D08BC3CA-7968-413C-B325-9C840DDC27D2}.Ad-Hoc|x86.ActiveCfg = Release|Any CPU
		{D08BC3CA-7968-413C-B325-9C840DDC27D2}.Ad-Hoc|x86.Build.0 = Release|Any CPU
		{D08BC3CA-7968-413C-B325-9C840DDC27D2}.AppStore|Any CPU.ActiveCfg = Release|Any CPU
		{D08BC3CA-7968-413C-B325-9C840DDC27D2}.AppStore|Any CPU.Build.0 = Release|Any CPU
		{D08BC3CA-7968-413C-B325-9C840DDC27D2}.AppStore|ARM.ActiveCfg = Release|Any CPU
		{D08BC3CA-7968-413C-B325-9C840DDC27D2}.AppStore|ARM.Build.0 = Release|Any CPU
		{D08BC3CA-7968-413C-B325-9C840DDC27D2}.AppStore|iPhone.ActiveCfg = Release|Any CPU
		{D08BC3CA-7968-413C-B325-9C840DDC27D2}.AppStore|iPhone.Build.0 = Release|Any CPU
		{D08BC3CA-7968-413C-B325-9C840DDC27D2}.AppStore|iPhoneSimulator.ActiveCfg = Release|Any CPU
		{D08BC3CA-7968-413C-B325-9C840DDC27D2}.AppStore|iPhoneSimulator.Build.0 = Release|Any CPU
		{D08BC3CA-7968-413C-B325-9C840DDC27D2}.AppStore|x64.ActiveCfg = Release|Any CPU
		{D08BC3CA-7968-413C-B325-9C840DDC27D2}.AppStore|x64.Build.0 = Release|Any CPU
		{D08BC3CA-7968-413C-B325-9C840DDC27D2}.AppStore|x86.ActiveCfg = Release|Any CPU
		{D08BC3CA-7968-413C-B325-9C840DDC27D2}.AppStore|x86.Build.0 = Release|Any CPU
		{D08BC3CA-7968-413C-B325-9C840DDC27D2}.Debug|Any CPU.ActiveCfg = Debug|Any CPU
		{D08BC3CA-7968-413C-B325-9C840DDC27D2}.Debug|Any CPU.Build.0 = Debug|Any CPU
		{D08BC3CA-7968-413C-B325-9C840DDC27D2}.Debug|ARM.ActiveCfg = Debug|Any CPU
		{D08BC3CA-7968-413C-B325-9C840DDC27D2}.Debug|ARM.Build.0 = Debug|Any CPU
		{D08BC3CA-7968-413C-B325-9C840DDC27D2}.Debug|iPhone.ActiveCfg = Debug|Any CPU
		{D08BC3CA-7968-413C-B325-9C840DDC27D2}.Debug|iPhone.Build.0 = Debug|Any CPU
		{D08BC3CA-7968-413C-B325-9C840DDC27D2}.Debug|iPhoneSimulator.ActiveCfg = Debug|Any CPU
		{D08BC3CA-7968-413C-B325-9C840DDC27D2}.Debug|iPhoneSimulator.Build.0 = Debug|Any CPU
		{D08BC3CA-7968-413C-B325-9C840DDC27D2}.Debug|x64.ActiveCfg = Debug|Any CPU
		{D08BC3CA-7968-413C-B325-9C840DDC27D2}.Debug|x64.Build.0 = Debug|Any CPU
		{D08BC3CA-7968-413C-B325-9C840DDC27D2}.Debug|x86.ActiveCfg = Debug|Any CPU
		{D08BC3CA-7968-413C-B325-9C840DDC27D2}.Debug|x86.Build.0 = Debug|Any CPU
		{D08BC3CA-7968-413C-B325-9C840DDC27D2}.Release|Any CPU.ActiveCfg = Release|Any CPU
		{D08BC3CA-7968-413C-B325-9C840DDC27D2}.Release|Any CPU.Build.0 = Release|Any CPU
		{D08BC3CA-7968-413C-B325-9C840DDC27D2}.Release|ARM.ActiveCfg = Release|Any CPU
		{D08BC3CA-7968-413C-B325-9C840DDC27D2}.Release|ARM.Build.0 = Release|Any CPU
		{D08BC3CA-7968-413C-B325-9C840DDC27D2}.Release|iPhone.ActiveCfg = Release|Any CPU
		{D08BC3CA-7968-413C-B325-9C840DDC27D2}.Release|iPhone.Build.0 = Release|Any CPU
		{D08BC3CA-7968-413C-B325-9C840DDC27D2}.Release|iPhoneSimulator.ActiveCfg = Release|Any CPU
		{D08BC3CA-7968-413C-B325-9C840DDC27D2}.Release|iPhoneSimulator.Build.0 = Release|Any CPU
		{D08BC3CA-7968-413C-B325-9C840DDC27D2}.Release|x64.ActiveCfg = Release|Any CPU
		{D08BC3CA-7968-413C-B325-9C840DDC27D2}.Release|x64.Build.0 = Release|Any CPU
		{D08BC3CA-7968-413C-B325-9C840DDC27D2}.Release|x86.ActiveCfg = Release|Any CPU
		{D08BC3CA-7968-413C-B325-9C840DDC27D2}.Release|x86.Build.0 = Release|Any CPU
		{48AE83FA-5991-41F4-A131-EA4116EFE7C7}.Ad-Hoc|Any CPU.ActiveCfg = Release|Any CPU
		{48AE83FA-5991-41F4-A131-EA4116EFE7C7}.Ad-Hoc|Any CPU.Build.0 = Release|Any CPU
		{48AE83FA-5991-41F4-A131-EA4116EFE7C7}.Ad-Hoc|ARM.ActiveCfg = Release|Any CPU
		{48AE83FA-5991-41F4-A131-EA4116EFE7C7}.Ad-Hoc|ARM.Build.0 = Release|Any CPU
		{48AE83FA-5991-41F4-A131-EA4116EFE7C7}.Ad-Hoc|iPhone.ActiveCfg = Release|Any CPU
		{48AE83FA-5991-41F4-A131-EA4116EFE7C7}.Ad-Hoc|iPhone.Build.0 = Release|Any CPU
		{48AE83FA-5991-41F4-A131-EA4116EFE7C7}.Ad-Hoc|iPhoneSimulator.ActiveCfg = Release|Any CPU
		{48AE83FA-5991-41F4-A131-EA4116EFE7C7}.Ad-Hoc|iPhoneSimulator.Build.0 = Release|Any CPU
		{48AE83FA-5991-41F4-A131-EA4116EFE7C7}.Ad-Hoc|x64.ActiveCfg = Release|Any CPU
		{48AE83FA-5991-41F4-A131-EA4116EFE7C7}.Ad-Hoc|x64.Build.0 = Release|Any CPU
		{48AE83FA-5991-41F4-A131-EA4116EFE7C7}.Ad-Hoc|x86.ActiveCfg = Release|Any CPU
		{48AE83FA-5991-41F4-A131-EA4116EFE7C7}.Ad-Hoc|x86.Build.0 = Release|Any CPU
		{48AE83FA-5991-41F4-A131-EA4116EFE7C7}.AppStore|Any CPU.ActiveCfg = Release|Any CPU
		{48AE83FA-5991-41F4-A131-EA4116EFE7C7}.AppStore|Any CPU.Build.0 = Release|Any CPU
		{48AE83FA-5991-41F4-A131-EA4116EFE7C7}.AppStore|ARM.ActiveCfg = Release|Any CPU
		{48AE83FA-5991-41F4-A131-EA4116EFE7C7}.AppStore|ARM.Build.0 = Release|Any CPU
		{48AE83FA-5991-41F4-A131-EA4116EFE7C7}.AppStore|iPhone.ActiveCfg = Release|Any CPU
		{48AE83FA-5991-41F4-A131-EA4116EFE7C7}.AppStore|iPhone.Build.0 = Release|Any CPU
		{48AE83FA-5991-41F4-A131-EA4116EFE7C7}.AppStore|iPhoneSimulator.ActiveCfg = Release|Any CPU
		{48AE83FA-5991-41F4-A131-EA4116EFE7C7}.AppStore|iPhoneSimulator.Build.0 = Release|Any CPU
		{48AE83FA-5991-41F4-A131-EA4116EFE7C7}.AppStore|x64.ActiveCfg = Release|Any CPU
		{48AE83FA-5991-41F4-A131-EA4116EFE7C7}.AppStore|x64.Build.0 = Release|Any CPU
		{48AE83FA-5991-41F4-A131-EA4116EFE7C7}.AppStore|x86.ActiveCfg = Release|Any CPU
		{48AE83FA-5991-41F4-A131-EA4116EFE7C7}.AppStore|x86.Build.0 = Release|Any CPU
		{48AE83FA-5991-41F4-A131-EA4116EFE7C7}.Debug|Any CPU.ActiveCfg = Debug|Any CPU
		{48AE83FA-5991-41F4-A131-EA4116EFE7C7}.Debug|Any CPU.Build.0 = Debug|Any CPU
		{48AE83FA-5991-41F4-A131-EA4116EFE7C7}.Debug|ARM.ActiveCfg = Debug|Any CPU
		{48AE83FA-5991-41F4-A131-EA4116EFE7C7}.Debug|ARM.Build.0 = Debug|Any CPU
		{48AE83FA-5991-41F4-A131-EA4116EFE7C7}.Debug|iPhone.ActiveCfg = Debug|Any CPU
		{48AE83FA-5991-41F4-A131-EA4116EFE7C7}.Debug|iPhone.Build.0 = Debug|Any CPU
		{48AE83FA-5991-41F4-A131-EA4116EFE7C7}.Debug|iPhoneSimulator.ActiveCfg = Debug|Any CPU
		{48AE83FA-5991-41F4-A131-EA4116EFE7C7}.Debug|iPhoneSimulator.Build.0 = Debug|Any CPU
		{48AE83FA-5991-41F4-A131-EA4116EFE7C7}.Debug|x64.ActiveCfg = Debug|Any CPU
		{48AE83FA-5991-41F4-A131-EA4116EFE7C7}.Debug|x64.Build.0 = Debug|Any CPU
		{48AE83FA-5991-41F4-A131-EA4116EFE7C7}.Debug|x86.ActiveCfg = Debug|Any CPU
		{48AE83FA-5991-41F4-A131-EA4116EFE7C7}.Debug|x86.Build.0 = Debug|Any CPU
		{48AE83FA-5991-41F4-A131-EA4116EFE7C7}.Release|Any CPU.ActiveCfg = Release|Any CPU
		{48AE83FA-5991-41F4-A131-EA4116EFE7C7}.Release|Any CPU.Build.0 = Release|Any CPU
		{48AE83FA-5991-41F4-A131-EA4116EFE7C7}.Release|ARM.ActiveCfg = Release|Any CPU
		{48AE83FA-5991-41F4-A131-EA4116EFE7C7}.Release|ARM.Build.0 = Release|Any CPU
		{48AE83FA-5991-41F4-A131-EA4116EFE7C7}.Release|iPhone.ActiveCfg = Release|Any CPU
		{48AE83FA-5991-41F4-A131-EA4116EFE7C7}.Release|iPhone.Build.0 = Release|Any CPU
		{48AE83FA-5991-41F4-A131-EA4116EFE7C7}.Release|iPhoneSimulator.ActiveCfg = Release|Any CPU
		{48AE83FA-5991-41F4-A131-EA4116EFE7C7}.Release|iPhoneSimulator.Build.0 = Release|Any CPU
		{48AE83FA-5991-41F4-A131-EA4116EFE7C7}.Release|x64.ActiveCfg = Release|Any CPU
		{48AE83FA-5991-41F4-A131-EA4116EFE7C7}.Release|x64.Build.0 = Release|Any CPU
		{48AE83FA-5991-41F4-A131-EA4116EFE7C7}.Release|x86.ActiveCfg = Release|Any CPU
		{48AE83FA-5991-41F4-A131-EA4116EFE7C7}.Release|x86.Build.0 = Release|Any CPU
		{373CE61B-84A5-4BBD-9A3A-535E08755BE8}.Ad-Hoc|Any CPU.ActiveCfg = Release|Any CPU
		{373CE61B-84A5-4BBD-9A3A-535E08755BE8}.Ad-Hoc|Any CPU.Build.0 = Release|Any CPU
		{373CE61B-84A5-4BBD-9A3A-535E08755BE8}.Ad-Hoc|ARM.ActiveCfg = Release|Any CPU
		{373CE61B-84A5-4BBD-9A3A-535E08755BE8}.Ad-Hoc|ARM.Build.0 = Release|Any CPU
		{373CE61B-84A5-4BBD-9A3A-535E08755BE8}.Ad-Hoc|iPhone.ActiveCfg = Release|Any CPU
		{373CE61B-84A5-4BBD-9A3A-535E08755BE8}.Ad-Hoc|iPhone.Build.0 = Release|Any CPU
		{373CE61B-84A5-4BBD-9A3A-535E08755BE8}.Ad-Hoc|iPhoneSimulator.ActiveCfg = Release|Any CPU
		{373CE61B-84A5-4BBD-9A3A-535E08755BE8}.Ad-Hoc|iPhoneSimulator.Build.0 = Release|Any CPU
		{373CE61B-84A5-4BBD-9A3A-535E08755BE8}.Ad-Hoc|x64.ActiveCfg = Release|Any CPU
		{373CE61B-84A5-4BBD-9A3A-535E08755BE8}.Ad-Hoc|x64.Build.0 = Release|Any CPU
		{373CE61B-84A5-4BBD-9A3A-535E08755BE8}.Ad-Hoc|x86.ActiveCfg = Release|Any CPU
		{373CE61B-84A5-4BBD-9A3A-535E08755BE8}.Ad-Hoc|x86.Build.0 = Release|Any CPU
		{373CE61B-84A5-4BBD-9A3A-535E08755BE8}.AppStore|Any CPU.ActiveCfg = Release|Any CPU
		{373CE61B-84A5-4BBD-9A3A-535E08755BE8}.AppStore|Any CPU.Build.0 = Release|Any CPU
		{373CE61B-84A5-4BBD-9A3A-535E08755BE8}.AppStore|ARM.ActiveCfg = Release|Any CPU
		{373CE61B-84A5-4BBD-9A3A-535E08755BE8}.AppStore|ARM.Build.0 = Release|Any CPU
		{373CE61B-84A5-4BBD-9A3A-535E08755BE8}.AppStore|iPhone.ActiveCfg = Release|Any CPU
		{373CE61B-84A5-4BBD-9A3A-535E08755BE8}.AppStore|iPhone.Build.0 = Release|Any CPU
		{373CE61B-84A5-4BBD-9A3A-535E08755BE8}.AppStore|iPhoneSimulator.ActiveCfg = Release|Any CPU
		{373CE61B-84A5-4BBD-9A3A-535E08755BE8}.AppStore|iPhoneSimulator.Build.0 = Release|Any CPU
		{373CE61B-84A5-4BBD-9A3A-535E08755BE8}.AppStore|x64.ActiveCfg = Release|Any CPU
		{373CE61B-84A5-4BBD-9A3A-535E08755BE8}.AppStore|x64.Build.0 = Release|Any CPU
		{373CE61B-84A5-4BBD-9A3A-535E08755BE8}.AppStore|x86.ActiveCfg = Release|Any CPU
		{373CE61B-84A5-4BBD-9A3A-535E08755BE8}.AppStore|x86.Build.0 = Release|Any CPU
		{373CE61B-84A5-4BBD-9A3A-535E08755BE8}.Debug|Any CPU.ActiveCfg = Debug|Any CPU
		{373CE61B-84A5-4BBD-9A3A-535E08755BE8}.Debug|Any CPU.Build.0 = Debug|Any CPU
		{373CE61B-84A5-4BBD-9A3A-535E08755BE8}.Debug|ARM.ActiveCfg = Debug|Any CPU
		{373CE61B-84A5-4BBD-9A3A-535E08755BE8}.Debug|ARM.Build.0 = Debug|Any CPU
		{373CE61B-84A5-4BBD-9A3A-535E08755BE8}.Debug|iPhone.ActiveCfg = Debug|Any CPU
		{373CE61B-84A5-4BBD-9A3A-535E08755BE8}.Debug|iPhone.Build.0 = Debug|Any CPU
		{373CE61B-84A5-4BBD-9A3A-535E08755BE8}.Debug|iPhoneSimulator.ActiveCfg = Debug|Any CPU
		{373CE61B-84A5-4BBD-9A3A-535E08755BE8}.Debug|iPhoneSimulator.Build.0 = Debug|Any CPU
		{373CE61B-84A5-4BBD-9A3A-535E08755BE8}.Debug|x64.ActiveCfg = Debug|Any CPU
		{373CE61B-84A5-4BBD-9A3A-535E08755BE8}.Debug|x64.Build.0 = Debug|Any CPU
		{373CE61B-84A5-4BBD-9A3A-535E08755BE8}.Debug|x86.ActiveCfg = Debug|Any CPU
		{373CE61B-84A5-4BBD-9A3A-535E08755BE8}.Debug|x86.Build.0 = Debug|Any CPU
		{373CE61B-84A5-4BBD-9A3A-535E08755BE8}.Release|Any CPU.ActiveCfg = Release|Any CPU
		{373CE61B-84A5-4BBD-9A3A-535E08755BE8}.Release|Any CPU.Build.0 = Release|Any CPU
		{373CE61B-84A5-4BBD-9A3A-535E08755BE8}.Release|ARM.ActiveCfg = Release|Any CPU
		{373CE61B-84A5-4BBD-9A3A-535E08755BE8}.Release|ARM.Build.0 = Release|Any CPU
		{373CE61B-84A5-4BBD-9A3A-535E08755BE8}.Release|iPhone.ActiveCfg = Release|Any CPU
		{373CE61B-84A5-4BBD-9A3A-535E08755BE8}.Release|iPhone.Build.0 = Release|Any CPU
		{373CE61B-84A5-4BBD-9A3A-535E08755BE8}.Release|iPhoneSimulator.ActiveCfg = Release|Any CPU
		{373CE61B-84A5-4BBD-9A3A-535E08755BE8}.Release|iPhoneSimulator.Build.0 = Release|Any CPU
		{373CE61B-84A5-4BBD-9A3A-535E08755BE8}.Release|x64.ActiveCfg = Release|Any CPU
		{373CE61B-84A5-4BBD-9A3A-535E08755BE8}.Release|x64.Build.0 = Release|Any CPU
		{373CE61B-84A5-4BBD-9A3A-535E08755BE8}.Release|x86.ActiveCfg = Release|Any CPU
		{373CE61B-84A5-4BBD-9A3A-535E08755BE8}.Release|x86.Build.0 = Release|Any CPU
		{D90DE8F9-1B98-406E-9AA3-804F96C4DFD9}.Ad-Hoc|Any CPU.ActiveCfg = Release|Any CPU
		{D90DE8F9-1B98-406E-9AA3-804F96C4DFD9}.Ad-Hoc|Any CPU.Build.0 = Release|Any CPU
		{D90DE8F9-1B98-406E-9AA3-804F96C4DFD9}.Ad-Hoc|Any CPU.Deploy.0 = Release|Any CPU
		{D90DE8F9-1B98-406E-9AA3-804F96C4DFD9}.Ad-Hoc|ARM.ActiveCfg = Release|Any CPU
		{D90DE8F9-1B98-406E-9AA3-804F96C4DFD9}.Ad-Hoc|ARM.Build.0 = Release|Any CPU
		{D90DE8F9-1B98-406E-9AA3-804F96C4DFD9}.Ad-Hoc|ARM.Deploy.0 = Release|Any CPU
		{D90DE8F9-1B98-406E-9AA3-804F96C4DFD9}.Ad-Hoc|iPhone.ActiveCfg = Release|Any CPU
		{D90DE8F9-1B98-406E-9AA3-804F96C4DFD9}.Ad-Hoc|iPhone.Build.0 = Release|Any CPU
		{D90DE8F9-1B98-406E-9AA3-804F96C4DFD9}.Ad-Hoc|iPhone.Deploy.0 = Release|Any CPU
		{D90DE8F9-1B98-406E-9AA3-804F96C4DFD9}.Ad-Hoc|iPhoneSimulator.ActiveCfg = Release|Any CPU
		{D90DE8F9-1B98-406E-9AA3-804F96C4DFD9}.Ad-Hoc|iPhoneSimulator.Build.0 = Release|Any CPU
		{D90DE8F9-1B98-406E-9AA3-804F96C4DFD9}.Ad-Hoc|iPhoneSimulator.Deploy.0 = Release|Any CPU
		{D90DE8F9-1B98-406E-9AA3-804F96C4DFD9}.Ad-Hoc|x64.ActiveCfg = Release|Any CPU
		{D90DE8F9-1B98-406E-9AA3-804F96C4DFD9}.Ad-Hoc|x64.Build.0 = Release|Any CPU
		{D90DE8F9-1B98-406E-9AA3-804F96C4DFD9}.Ad-Hoc|x64.Deploy.0 = Release|Any CPU
		{D90DE8F9-1B98-406E-9AA3-804F96C4DFD9}.Ad-Hoc|x86.ActiveCfg = Release|Any CPU
		{D90DE8F9-1B98-406E-9AA3-804F96C4DFD9}.Ad-Hoc|x86.Build.0 = Release|Any CPU
		{D90DE8F9-1B98-406E-9AA3-804F96C4DFD9}.Ad-Hoc|x86.Deploy.0 = Release|Any CPU
		{D90DE8F9-1B98-406E-9AA3-804F96C4DFD9}.AppStore|Any CPU.ActiveCfg = Release|Any CPU
		{D90DE8F9-1B98-406E-9AA3-804F96C4DFD9}.AppStore|Any CPU.Build.0 = Release|Any CPU
		{D90DE8F9-1B98-406E-9AA3-804F96C4DFD9}.AppStore|Any CPU.Deploy.0 = Release|Any CPU
		{D90DE8F9-1B98-406E-9AA3-804F96C4DFD9}.AppStore|ARM.ActiveCfg = Release|Any CPU
		{D90DE8F9-1B98-406E-9AA3-804F96C4DFD9}.AppStore|ARM.Build.0 = Release|Any CPU
		{D90DE8F9-1B98-406E-9AA3-804F96C4DFD9}.AppStore|ARM.Deploy.0 = Release|Any CPU
		{D90DE8F9-1B98-406E-9AA3-804F96C4DFD9}.AppStore|iPhone.ActiveCfg = Release|Any CPU
		{D90DE8F9-1B98-406E-9AA3-804F96C4DFD9}.AppStore|iPhone.Build.0 = Release|Any CPU
		{D90DE8F9-1B98-406E-9AA3-804F96C4DFD9}.AppStore|iPhone.Deploy.0 = Release|Any CPU
		{D90DE8F9-1B98-406E-9AA3-804F96C4DFD9}.AppStore|iPhoneSimulator.ActiveCfg = Release|Any CPU
		{D90DE8F9-1B98-406E-9AA3-804F96C4DFD9}.AppStore|iPhoneSimulator.Build.0 = Release|Any CPU
		{D90DE8F9-1B98-406E-9AA3-804F96C4DFD9}.AppStore|iPhoneSimulator.Deploy.0 = Release|Any CPU
		{D90DE8F9-1B98-406E-9AA3-804F96C4DFD9}.AppStore|x64.ActiveCfg = Release|Any CPU
		{D90DE8F9-1B98-406E-9AA3-804F96C4DFD9}.AppStore|x64.Build.0 = Release|Any CPU
		{D90DE8F9-1B98-406E-9AA3-804F96C4DFD9}.AppStore|x64.Deploy.0 = Release|Any CPU
		{D90DE8F9-1B98-406E-9AA3-804F96C4DFD9}.AppStore|x86.ActiveCfg = Release|Any CPU
		{D90DE8F9-1B98-406E-9AA3-804F96C4DFD9}.AppStore|x86.Build.0 = Release|Any CPU
		{D90DE8F9-1B98-406E-9AA3-804F96C4DFD9}.AppStore|x86.Deploy.0 = Release|Any CPU
		{D90DE8F9-1B98-406E-9AA3-804F96C4DFD9}.Debug|Any CPU.ActiveCfg = Debug|Any CPU
		{D90DE8F9-1B98-406E-9AA3-804F96C4DFD9}.Debug|Any CPU.Build.0 = Debug|Any CPU
		{D90DE8F9-1B98-406E-9AA3-804F96C4DFD9}.Debug|Any CPU.Deploy.0 = Debug|Any CPU
		{D90DE8F9-1B98-406E-9AA3-804F96C4DFD9}.Debug|ARM.ActiveCfg = Debug|Any CPU
		{D90DE8F9-1B98-406E-9AA3-804F96C4DFD9}.Debug|ARM.Build.0 = Debug|Any CPU
		{D90DE8F9-1B98-406E-9AA3-804F96C4DFD9}.Debug|ARM.Deploy.0 = Debug|Any CPU
		{D90DE8F9-1B98-406E-9AA3-804F96C4DFD9}.Debug|iPhone.ActiveCfg = Debug|Any CPU
		{D90DE8F9-1B98-406E-9AA3-804F96C4DFD9}.Debug|iPhone.Build.0 = Debug|Any CPU
		{D90DE8F9-1B98-406E-9AA3-804F96C4DFD9}.Debug|iPhone.Deploy.0 = Debug|Any CPU
		{D90DE8F9-1B98-406E-9AA3-804F96C4DFD9}.Debug|iPhoneSimulator.ActiveCfg = Debug|Any CPU
		{D90DE8F9-1B98-406E-9AA3-804F96C4DFD9}.Debug|iPhoneSimulator.Build.0 = Debug|Any CPU
		{D90DE8F9-1B98-406E-9AA3-804F96C4DFD9}.Debug|iPhoneSimulator.Deploy.0 = Debug|Any CPU
		{D90DE8F9-1B98-406E-9AA3-804F96C4DFD9}.Debug|x64.ActiveCfg = Debug|Any CPU
		{D90DE8F9-1B98-406E-9AA3-804F96C4DFD9}.Debug|x64.Build.0 = Debug|Any CPU
		{D90DE8F9-1B98-406E-9AA3-804F96C4DFD9}.Debug|x64.Deploy.0 = Debug|Any CPU
		{D90DE8F9-1B98-406E-9AA3-804F96C4DFD9}.Debug|x86.ActiveCfg = Debug|Any CPU
		{D90DE8F9-1B98-406E-9AA3-804F96C4DFD9}.Debug|x86.Build.0 = Debug|Any CPU
		{D90DE8F9-1B98-406E-9AA3-804F96C4DFD9}.Debug|x86.Deploy.0 = Debug|Any CPU
		{D90DE8F9-1B98-406E-9AA3-804F96C4DFD9}.Release|Any CPU.ActiveCfg = Release|Any CPU
		{D90DE8F9-1B98-406E-9AA3-804F96C4DFD9}.Release|Any CPU.Build.0 = Release|Any CPU
		{D90DE8F9-1B98-406E-9AA3-804F96C4DFD9}.Release|Any CPU.Deploy.0 = Release|Any CPU
		{D90DE8F9-1B98-406E-9AA3-804F96C4DFD9}.Release|ARM.ActiveCfg = Release|Any CPU
		{D90DE8F9-1B98-406E-9AA3-804F96C4DFD9}.Release|ARM.Build.0 = Release|Any CPU
		{D90DE8F9-1B98-406E-9AA3-804F96C4DFD9}.Release|ARM.Deploy.0 = Release|Any CPU
		{D90DE8F9-1B98-406E-9AA3-804F96C4DFD9}.Release|iPhone.ActiveCfg = Release|Any CPU
		{D90DE8F9-1B98-406E-9AA3-804F96C4DFD9}.Release|iPhone.Build.0 = Release|Any CPU
		{D90DE8F9-1B98-406E-9AA3-804F96C4DFD9}.Release|iPhone.Deploy.0 = Release|Any CPU
		{D90DE8F9-1B98-406E-9AA3-804F96C4DFD9}.Release|iPhoneSimulator.ActiveCfg = Release|Any CPU
		{D90DE8F9-1B98-406E-9AA3-804F96C4DFD9}.Release|iPhoneSimulator.Build.0 = Release|Any CPU
		{D90DE8F9-1B98-406E-9AA3-804F96C4DFD9}.Release|iPhoneSimulator.Deploy.0 = Release|Any CPU
		{D90DE8F9-1B98-406E-9AA3-804F96C4DFD9}.Release|x64.ActiveCfg = Release|Any CPU
		{D90DE8F9-1B98-406E-9AA3-804F96C4DFD9}.Release|x64.Build.0 = Release|Any CPU
		{D90DE8F9-1B98-406E-9AA3-804F96C4DFD9}.Release|x64.Deploy.0 = Release|Any CPU
		{D90DE8F9-1B98-406E-9AA3-804F96C4DFD9}.Release|x86.ActiveCfg = Release|Any CPU
		{D90DE8F9-1B98-406E-9AA3-804F96C4DFD9}.Release|x86.Build.0 = Release|Any CPU
		{D90DE8F9-1B98-406E-9AA3-804F96C4DFD9}.Release|x86.Deploy.0 = Release|Any CPU
		{30C35206-53EB-43F3-89BA-5C7F94255D0E}.Ad-Hoc|Any CPU.ActiveCfg = Release|x86
		{30C35206-53EB-43F3-89BA-5C7F94255D0E}.Ad-Hoc|Any CPU.Build.0 = Release|x86
		{30C35206-53EB-43F3-89BA-5C7F94255D0E}.Ad-Hoc|Any CPU.Deploy.0 = Release|x86
		{30C35206-53EB-43F3-89BA-5C7F94255D0E}.Ad-Hoc|ARM.ActiveCfg = Release|ARM
		{30C35206-53EB-43F3-89BA-5C7F94255D0E}.Ad-Hoc|ARM.Build.0 = Release|ARM
		{30C35206-53EB-43F3-89BA-5C7F94255D0E}.Ad-Hoc|ARM.Deploy.0 = Release|ARM
		{30C35206-53EB-43F3-89BA-5C7F94255D0E}.Ad-Hoc|iPhone.ActiveCfg = Release|x86
		{30C35206-53EB-43F3-89BA-5C7F94255D0E}.Ad-Hoc|iPhone.Build.0 = Release|x86
		{30C35206-53EB-43F3-89BA-5C7F94255D0E}.Ad-Hoc|iPhone.Deploy.0 = Release|x86
		{30C35206-53EB-43F3-89BA-5C7F94255D0E}.Ad-Hoc|iPhoneSimulator.ActiveCfg = Release|x86
		{30C35206-53EB-43F3-89BA-5C7F94255D0E}.Ad-Hoc|iPhoneSimulator.Build.0 = Release|x86
		{30C35206-53EB-43F3-89BA-5C7F94255D0E}.Ad-Hoc|iPhoneSimulator.Deploy.0 = Release|x86
		{30C35206-53EB-43F3-89BA-5C7F94255D0E}.Ad-Hoc|x64.ActiveCfg = Release|x64
		{30C35206-53EB-43F3-89BA-5C7F94255D0E}.Ad-Hoc|x64.Build.0 = Release|x64
		{30C35206-53EB-43F3-89BA-5C7F94255D0E}.Ad-Hoc|x64.Deploy.0 = Release|x64
		{30C35206-53EB-43F3-89BA-5C7F94255D0E}.Ad-Hoc|x86.ActiveCfg = Release|x86
		{30C35206-53EB-43F3-89BA-5C7F94255D0E}.Ad-Hoc|x86.Build.0 = Release|x86
		{30C35206-53EB-43F3-89BA-5C7F94255D0E}.Ad-Hoc|x86.Deploy.0 = Release|x86
		{30C35206-53EB-43F3-89BA-5C7F94255D0E}.AppStore|Any CPU.ActiveCfg = Release|x86
		{30C35206-53EB-43F3-89BA-5C7F94255D0E}.AppStore|Any CPU.Build.0 = Release|x86
		{30C35206-53EB-43F3-89BA-5C7F94255D0E}.AppStore|Any CPU.Deploy.0 = Release|x86
		{30C35206-53EB-43F3-89BA-5C7F94255D0E}.AppStore|ARM.ActiveCfg = Release|ARM
		{30C35206-53EB-43F3-89BA-5C7F94255D0E}.AppStore|ARM.Build.0 = Release|ARM
		{30C35206-53EB-43F3-89BA-5C7F94255D0E}.AppStore|ARM.Deploy.0 = Release|ARM
		{30C35206-53EB-43F3-89BA-5C7F94255D0E}.AppStore|iPhone.ActiveCfg = Release|x86
		{30C35206-53EB-43F3-89BA-5C7F94255D0E}.AppStore|iPhone.Build.0 = Release|x86
		{30C35206-53EB-43F3-89BA-5C7F94255D0E}.AppStore|iPhone.Deploy.0 = Release|x86
		{30C35206-53EB-43F3-89BA-5C7F94255D0E}.AppStore|iPhoneSimulator.ActiveCfg = Release|x86
		{30C35206-53EB-43F3-89BA-5C7F94255D0E}.AppStore|iPhoneSimulator.Build.0 = Release|x86
		{30C35206-53EB-43F3-89BA-5C7F94255D0E}.AppStore|iPhoneSimulator.Deploy.0 = Release|x86
		{30C35206-53EB-43F3-89BA-5C7F94255D0E}.AppStore|x64.ActiveCfg = Release|x64
		{30C35206-53EB-43F3-89BA-5C7F94255D0E}.AppStore|x64.Build.0 = Release|x64
		{30C35206-53EB-43F3-89BA-5C7F94255D0E}.AppStore|x64.Deploy.0 = Release|x64
		{30C35206-53EB-43F3-89BA-5C7F94255D0E}.AppStore|x86.ActiveCfg = Release|x86
		{30C35206-53EB-43F3-89BA-5C7F94255D0E}.AppStore|x86.Build.0 = Release|x86
		{30C35206-53EB-43F3-89BA-5C7F94255D0E}.AppStore|x86.Deploy.0 = Release|x86
		{30C35206-53EB-43F3-89BA-5C7F94255D0E}.Debug|Any CPU.ActiveCfg = Debug|x86
		{30C35206-53EB-43F3-89BA-5C7F94255D0E}.Debug|ARM.ActiveCfg = Debug|ARM
		{30C35206-53EB-43F3-89BA-5C7F94255D0E}.Debug|ARM.Build.0 = Debug|ARM
		{30C35206-53EB-43F3-89BA-5C7F94255D0E}.Debug|ARM.Deploy.0 = Debug|ARM
		{30C35206-53EB-43F3-89BA-5C7F94255D0E}.Debug|iPhone.ActiveCfg = Debug|x86
		{30C35206-53EB-43F3-89BA-5C7F94255D0E}.Debug|iPhoneSimulator.ActiveCfg = Debug|x86
		{30C35206-53EB-43F3-89BA-5C7F94255D0E}.Debug|x64.ActiveCfg = Debug|x64
		{30C35206-53EB-43F3-89BA-5C7F94255D0E}.Debug|x64.Build.0 = Debug|x64
		{30C35206-53EB-43F3-89BA-5C7F94255D0E}.Debug|x64.Deploy.0 = Debug|x64
		{30C35206-53EB-43F3-89BA-5C7F94255D0E}.Debug|x86.ActiveCfg = Debug|x86
		{30C35206-53EB-43F3-89BA-5C7F94255D0E}.Debug|x86.Build.0 = Debug|x86
		{30C35206-53EB-43F3-89BA-5C7F94255D0E}.Debug|x86.Deploy.0 = Debug|x86
		{30C35206-53EB-43F3-89BA-5C7F94255D0E}.Release|Any CPU.ActiveCfg = Release|x86
		{30C35206-53EB-43F3-89BA-5C7F94255D0E}.Release|ARM.ActiveCfg = Release|ARM
		{30C35206-53EB-43F3-89BA-5C7F94255D0E}.Release|ARM.Build.0 = Release|ARM
		{30C35206-53EB-43F3-89BA-5C7F94255D0E}.Release|ARM.Deploy.0 = Release|ARM
		{30C35206-53EB-43F3-89BA-5C7F94255D0E}.Release|iPhone.ActiveCfg = Release|x86
		{30C35206-53EB-43F3-89BA-5C7F94255D0E}.Release|iPhoneSimulator.ActiveCfg = Release|x86
		{30C35206-53EB-43F3-89BA-5C7F94255D0E}.Release|x64.ActiveCfg = Release|x64
		{30C35206-53EB-43F3-89BA-5C7F94255D0E}.Release|x64.Build.0 = Release|x64
		{30C35206-53EB-43F3-89BA-5C7F94255D0E}.Release|x64.Deploy.0 = Release|x64
		{30C35206-53EB-43F3-89BA-5C7F94255D0E}.Release|x86.ActiveCfg = Release|x86
		{30C35206-53EB-43F3-89BA-5C7F94255D0E}.Release|x86.Build.0 = Release|x86
		{30C35206-53EB-43F3-89BA-5C7F94255D0E}.Release|x86.Deploy.0 = Release|x86
		{44424A27-2927-444E-8D05-0038B3B53D1C}.Ad-Hoc|Any CPU.ActiveCfg = Ad-Hoc|iPhone
		{44424A27-2927-444E-8D05-0038B3B53D1C}.Ad-Hoc|ARM.ActiveCfg = Ad-Hoc|iPhone
		{44424A27-2927-444E-8D05-0038B3B53D1C}.Ad-Hoc|iPhone.ActiveCfg = Ad-Hoc|iPhone
		{44424A27-2927-444E-8D05-0038B3B53D1C}.Ad-Hoc|iPhone.Build.0 = Ad-Hoc|iPhone
		{44424A27-2927-444E-8D05-0038B3B53D1C}.Ad-Hoc|iPhoneSimulator.ActiveCfg = Ad-Hoc|iPhoneSimulator
		{44424A27-2927-444E-8D05-0038B3B53D1C}.Ad-Hoc|iPhoneSimulator.Build.0 = Ad-Hoc|iPhoneSimulator
		{44424A27-2927-444E-8D05-0038B3B53D1C}.Ad-Hoc|x64.ActiveCfg = Ad-Hoc|iPhone
		{44424A27-2927-444E-8D05-0038B3B53D1C}.Ad-Hoc|x86.ActiveCfg = Ad-Hoc|iPhone
		{44424A27-2927-444E-8D05-0038B3B53D1C}.AppStore|Any CPU.ActiveCfg = AppStore|iPhone
		{44424A27-2927-444E-8D05-0038B3B53D1C}.AppStore|ARM.ActiveCfg = AppStore|iPhone
		{44424A27-2927-444E-8D05-0038B3B53D1C}.AppStore|iPhone.ActiveCfg = AppStore|iPhone
		{44424A27-2927-444E-8D05-0038B3B53D1C}.AppStore|iPhone.Build.0 = AppStore|iPhone
		{44424A27-2927-444E-8D05-0038B3B53D1C}.AppStore|iPhoneSimulator.ActiveCfg = AppStore|iPhoneSimulator
		{44424A27-2927-444E-8D05-0038B3B53D1C}.AppStore|iPhoneSimulator.Build.0 = AppStore|iPhoneSimulator
		{44424A27-2927-444E-8D05-0038B3B53D1C}.AppStore|x64.ActiveCfg = AppStore|iPhone
		{44424A27-2927-444E-8D05-0038B3B53D1C}.AppStore|x86.ActiveCfg = AppStore|iPhone
		{44424A27-2927-444E-8D05-0038B3B53D1C}.Debug|Any CPU.ActiveCfg = Debug|iPhone
		{44424A27-2927-444E-8D05-0038B3B53D1C}.Debug|ARM.ActiveCfg = Debug|iPhone
		{44424A27-2927-444E-8D05-0038B3B53D1C}.Debug|iPhone.ActiveCfg = Debug|iPhone
		{44424A27-2927-444E-8D05-0038B3B53D1C}.Debug|iPhone.Build.0 = Debug|iPhone
		{44424A27-2927-444E-8D05-0038B3B53D1C}.Debug|iPhoneSimulator.ActiveCfg = Debug|iPhoneSimulator
		{44424A27-2927-444E-8D05-0038B3B53D1C}.Debug|iPhoneSimulator.Build.0 = Debug|iPhoneSimulator
		{44424A27-2927-444E-8D05-0038B3B53D1C}.Debug|x64.ActiveCfg = Debug|iPhone
		{44424A27-2927-444E-8D05-0038B3B53D1C}.Debug|x86.ActiveCfg = Debug|iPhone
		{44424A27-2927-444E-8D05-0038B3B53D1C}.Release|Any CPU.ActiveCfg = Release|iPhone
		{44424A27-2927-444E-8D05-0038B3B53D1C}.Release|ARM.ActiveCfg = Release|iPhone
		{44424A27-2927-444E-8D05-0038B3B53D1C}.Release|iPhone.ActiveCfg = Release|iPhone
		{44424A27-2927-444E-8D05-0038B3B53D1C}.Release|iPhone.Build.0 = Release|iPhone
		{44424A27-2927-444E-8D05-0038B3B53D1C}.Release|iPhoneSimulator.ActiveCfg = Release|iPhoneSimulator
		{44424A27-2927-444E-8D05-0038B3B53D1C}.Release|iPhoneSimulator.Build.0 = Release|iPhoneSimulator
		{44424A27-2927-444E-8D05-0038B3B53D1C}.Release|x64.ActiveCfg = Release|iPhone
		{44424A27-2927-444E-8D05-0038B3B53D1C}.Release|x86.ActiveCfg = Release|iPhone
		{C6F53437-7E75-4C77-9B26-B44856F1E782}.Ad-Hoc|Any CPU.ActiveCfg = Debug|Any CPU
		{C6F53437-7E75-4C77-9B26-B44856F1E782}.Ad-Hoc|Any CPU.Build.0 = Debug|Any CPU
		{C6F53437-7E75-4C77-9B26-B44856F1E782}.Ad-Hoc|ARM.ActiveCfg = Debug|Any CPU
		{C6F53437-7E75-4C77-9B26-B44856F1E782}.Ad-Hoc|ARM.Build.0 = Debug|Any CPU
		{C6F53437-7E75-4C77-9B26-B44856F1E782}.Ad-Hoc|iPhone.ActiveCfg = Debug|Any CPU
		{C6F53437-7E75-4C77-9B26-B44856F1E782}.Ad-Hoc|iPhone.Build.0 = Debug|Any CPU
		{C6F53437-7E75-4C77-9B26-B44856F1E782}.Ad-Hoc|iPhoneSimulator.ActiveCfg = Debug|Any CPU
		{C6F53437-7E75-4C77-9B26-B44856F1E782}.Ad-Hoc|iPhoneSimulator.Build.0 = Debug|Any CPU
		{C6F53437-7E75-4C77-9B26-B44856F1E782}.Ad-Hoc|x64.ActiveCfg = Debug|Any CPU
		{C6F53437-7E75-4C77-9B26-B44856F1E782}.Ad-Hoc|x64.Build.0 = Debug|Any CPU
		{C6F53437-7E75-4C77-9B26-B44856F1E782}.Ad-Hoc|x86.ActiveCfg = Debug|Any CPU
		{C6F53437-7E75-4C77-9B26-B44856F1E782}.Ad-Hoc|x86.Build.0 = Debug|Any CPU
		{C6F53437-7E75-4C77-9B26-B44856F1E782}.AppStore|Any CPU.ActiveCfg = Debug|Any CPU
		{C6F53437-7E75-4C77-9B26-B44856F1E782}.AppStore|Any CPU.Build.0 = Debug|Any CPU
		{C6F53437-7E75-4C77-9B26-B44856F1E782}.AppStore|ARM.ActiveCfg = Debug|Any CPU
		{C6F53437-7E75-4C77-9B26-B44856F1E782}.AppStore|ARM.Build.0 = Debug|Any CPU
		{C6F53437-7E75-4C77-9B26-B44856F1E782}.AppStore|iPhone.ActiveCfg = Debug|Any CPU
		{C6F53437-7E75-4C77-9B26-B44856F1E782}.AppStore|iPhone.Build.0 = Debug|Any CPU
		{C6F53437-7E75-4C77-9B26-B44856F1E782}.AppStore|iPhoneSimulator.ActiveCfg = Debug|Any CPU
		{C6F53437-7E75-4C77-9B26-B44856F1E782}.AppStore|iPhoneSimulator.Build.0 = Debug|Any CPU
		{C6F53437-7E75-4C77-9B26-B44856F1E782}.AppStore|x64.ActiveCfg = Debug|Any CPU
		{C6F53437-7E75-4C77-9B26-B44856F1E782}.AppStore|x64.Build.0 = Debug|Any CPU
		{C6F53437-7E75-4C77-9B26-B44856F1E782}.AppStore|x86.ActiveCfg = Debug|Any CPU
		{C6F53437-7E75-4C77-9B26-B44856F1E782}.AppStore|x86.Build.0 = Debug|Any CPU
		{C6F53437-7E75-4C77-9B26-B44856F1E782}.Debug|Any CPU.ActiveCfg = Debug|Any CPU
		{C6F53437-7E75-4C77-9B26-B44856F1E782}.Debug|Any CPU.Build.0 = Debug|Any CPU
		{C6F53437-7E75-4C77-9B26-B44856F1E782}.Debug|ARM.ActiveCfg = Debug|Any CPU
		{C6F53437-7E75-4C77-9B26-B44856F1E782}.Debug|ARM.Build.0 = Debug|Any CPU
		{C6F53437-7E75-4C77-9B26-B44856F1E782}.Debug|iPhone.ActiveCfg = Debug|Any CPU
		{C6F53437-7E75-4C77-9B26-B44856F1E782}.Debug|iPhone.Build.0 = Debug|Any CPU
		{C6F53437-7E75-4C77-9B26-B44856F1E782}.Debug|iPhoneSimulator.ActiveCfg = Debug|Any CPU
		{C6F53437-7E75-4C77-9B26-B44856F1E782}.Debug|iPhoneSimulator.Build.0 = Debug|Any CPU
		{C6F53437-7E75-4C77-9B26-B44856F1E782}.Debug|x64.ActiveCfg = Debug|Any CPU
		{C6F53437-7E75-4C77-9B26-B44856F1E782}.Debug|x64.Build.0 = Debug|Any CPU
		{C6F53437-7E75-4C77-9B26-B44856F1E782}.Debug|x86.ActiveCfg = Debug|Any CPU
		{C6F53437-7E75-4C77-9B26-B44856F1E782}.Debug|x86.Build.0 = Debug|Any CPU
		{C6F53437-7E75-4C77-9B26-B44856F1E782}.Release|Any CPU.ActiveCfg = Release|Any CPU
		{C6F53437-7E75-4C77-9B26-B44856F1E782}.Release|Any CPU.Build.0 = Release|Any CPU
		{C6F53437-7E75-4C77-9B26-B44856F1E782}.Release|ARM.ActiveCfg = Release|Any CPU
		{C6F53437-7E75-4C77-9B26-B44856F1E782}.Release|ARM.Build.0 = Release|Any CPU
		{C6F53437-7E75-4C77-9B26-B44856F1E782}.Release|iPhone.ActiveCfg = Release|Any CPU
		{C6F53437-7E75-4C77-9B26-B44856F1E782}.Release|iPhone.Build.0 = Release|Any CPU
		{C6F53437-7E75-4C77-9B26-B44856F1E782}.Release|iPhoneSimulator.ActiveCfg = Release|Any CPU
		{C6F53437-7E75-4C77-9B26-B44856F1E782}.Release|iPhoneSimulator.Build.0 = Release|Any CPU
		{C6F53437-7E75-4C77-9B26-B44856F1E782}.Release|x64.ActiveCfg = Release|Any CPU
		{C6F53437-7E75-4C77-9B26-B44856F1E782}.Release|x64.Build.0 = Release|Any CPU
		{C6F53437-7E75-4C77-9B26-B44856F1E782}.Release|x86.ActiveCfg = Release|Any CPU
		{C6F53437-7E75-4C77-9B26-B44856F1E782}.Release|x86.Build.0 = Release|Any CPU
	EndGlobalSection
	GlobalSection(SolutionProperties) = preSolution
		HideSolutionNode = FALSE
	EndGlobalSection
EndGlobal
